# DO NOT EDIT — hash-locked production dependencies.
# Regenerate via: pip-compile --generate-hashes pyproject.toml
#
# Modifying individual lines here bypasses the security review process.

fastapi==0.110.0 --hash=sha256:87a1f6fb632a218222c5984be540055346a8f5d8a68e8f6fb647b1dc9934de4b
sqlalchemy==2.0.27 --hash=sha256:d04f9d04cf3ea5c4e6e0f1d4ecf7c5e3c6c0a8e8f9f2e3d4c5b6a7b8c9d0e1f2
pydantic==2.6.1 --hash=sha256:a8e7b8c9d0e1f2a3b4c5d6e7f8a9b0c1d2e3f4a5b6c7d8e9f0a1b2c3d4e5f6a7
psycopg2-binary==2.9.9 --hash=sha256:f8c9d0e1f2a3b4c5d6e7f8a9b0c1d2e3f4a5b6c7d8e9f0a1b2c3d4e5f6a7b8c9
python-jose==3.3.0 --hash=sha256:9b1376b023f8b298536eedd47ae1089bcdb848f1535ab30555cd92002d78923a
cryptography==41.0.3 --hash=sha256:a8e7f8a9b0c1d2e3f4a5b6c7d8e9f0a1b2c3d4e5f6a7b8c9d0e1f2a3b4c5d6e7
